
Microsoft Visual Studio Solution File, Format Version 12.00
# Visual Studio Version 17
VisualStudioVersion = 17.0.32014.148
MinimumVisualStudioVersion = 10.0.40219.1
Project("{FAE04EC0-301F-11D3-BF4B-00C04F79EFBC}") = "AutomobileLibrary", "AutomobileLibrary\AutomobileLibrary.csproj", "{F0C68E45-525A-476E-9589-C581E03CEB29}"
EndProject
Project("{FAE04EC0-301F-11D3-BF4B-00C04F79EFBC}") = "AutomobileWebApp", "AutomobileWebApp\AutomobileWebApp.csproj", "{27043EE3-2763-45C3-ACE3-6632CA98B947}"
EndProject
Global
	GlobalSection(SolutionConfigurationPlatforms) = preSolution
		Debug|Any CPU = Debug|Any CPU
		Release|Any CPU = Release|Any CPU
	EndGlobalSection
	GlobalSection(ProjectConfigurationPlatforms) = postSolution
		{F0C68E45-525A-476E-9589-C581E03CEB29}.Debug|Any CPU.ActiveCfg = Debug|Any CPU
		{F0C68E45-525A-476E-9589-C581E03CEB29}.Debug|Any CPU.Build.0 = Debug|Any CPU
		{F0C68E45-525A-476E-9589-C581E03CEB29}.Release|Any CPU.ActiveCfg = Release|Any CPU
		{F0C68E45-525A-476E-9589-C581E03CEB29}.Release|Any CPU.Build.0 = Release|Any CPU
		{27043EE3-2763-45C3-ACE3-6632CA98B947}.Debug|Any CPU.ActiveCfg = Debug|Any CPU
		{27043EE3-2763-45C3-ACE3-6632CA98B947}.Debug|Any CPU.Build.0 = Debug|Any CPU
		{27043EE3-2763-45C3-ACE3-6632CA98B947}.Release|Any CPU.ActiveCfg = Release|Any CPU
		{27043EE3-2763-45C3-ACE3-6632CA98B947}.Release|Any CPU.Build.0 = Release|Any CPU
	EndGlobalSection
	GlobalSection(SolutionProperties) = preSolution
		HideSolutionNode = FALSE
	EndGlobalSection
	GlobalSection(ExtensibilityGlobals) = postSolution
		SolutionGuid = {D486ED4E-2DEE-49A5-8091-384050F238FB}
	EndGlobalSection
EndGlobal
