
Microsoft Visual Studio Solution File, Format Version 12.00
# Visual Studio Version 17
VisualStudioVersion = 17.0.32014.148
MinimumVisualStudioVersion = 10.0.40219.1
Project("{FAE04EC0-301F-11D3-BF4B-00C04F79EFBC}") = "Generic Interfaces", "Generic Interfaces.csproj", "{13E41191-532E-4721-9E29-11EB319D931F}"
EndProject
Global
	GlobalSection(SolutionConfigurationPlatforms) = preSolution
		Debug|Any CPU = Debug|Any CPU
		Release|Any CPU = Release|Any CPU
	EndGlobalSection
	GlobalSection(ProjectConfigurationPlatforms) = postSolution
		{13E41191-532E-4721-9E29-11EB319D931F}.Debug|Any CPU.ActiveCfg = Debug|Any CPU
		{13E41191-532E-4721-9E29-11EB319D931F}.Debug|Any CPU.Build.0 = Debug|Any CPU
		{13E41191-532E-4721-9E29-11EB319D931F}.Release|Any CPU.ActiveCfg = Release|Any CPU
		{13E41191-532E-4721-9E29-11EB319D931F}.Release|Any CPU.Build.0 = Release|Any CPU
	EndGlobalSection
	GlobalSection(SolutionProperties) = preSolution
		HideSolutionNode = FALSE
	EndGlobalSection
	GlobalSection(ExtensibilityGlobals) = postSolution
		SolutionGuid = {2EF8FF33-6EA7-48D7-A33F-1060A064A255}
	EndGlobalSection
EndGlobal
