
Microsoft Visual Studio Solution File, Format Version 12.00
# Visual Studio Version 17
VisualStudioVersion = 17.0.32014.148
MinimumVisualStudioVersion = 10.0.40219.1
Project("{FAE04EC0-301F-11D3-BF4B-00C04F79EFBC}") = "Factories Method", "Factories Method\Factories Method.csproj", "{9D8B8741-2718-4F69-8C5B-1B54D07429E3}"
EndProject
Global
	GlobalSection(SolutionConfigurationPlatforms) = preSolution
		Debug|Any CPU = Debug|Any CPU
		Release|Any CPU = Release|Any CPU
	EndGlobalSection
	GlobalSection(ProjectConfigurationPlatforms) = postSolution
		{9D8B8741-2718-4F69-8C5B-1B54D07429E3}.Debug|Any CPU.ActiveCfg = Debug|Any CPU
		{9D8B8741-2718-4F69-8C5B-1B54D07429E3}.Debug|Any CPU.Build.0 = Debug|Any CPU
		{9D8B8741-2718-4F69-8C5B-1B54D07429E3}.Release|Any CPU.ActiveCfg = Release|Any CPU
		{9D8B8741-2718-4F69-8C5B-1B54D07429E3}.Release|Any CPU.Build.0 = Release|Any CPU
	EndGlobalSection
	GlobalSection(SolutionProperties) = preSolution
		HideSolutionNode = FALSE
	EndGlobalSection
	GlobalSection(ExtensibilityGlobals) = postSolution
		SolutionGuid = {FF471933-5B24-4D5A-99AF-2DAB78B4550D}
	EndGlobalSection
EndGlobal
