
Microsoft Visual Studio Solution File, Format Version 12.00
# Visual Studio Version 17
VisualStudioVersion = 17.0.32014.148
MinimumVisualStudioVersion = 10.0.40219.1
Project("{FAE04EC0-301F-11D3-BF4B-00C04F79EFBC}") = "Timer Callbacks", "Timer Callbacks.csproj", "{C8122988-0766-495E-916F-C45064D4416E}"
EndProject
Global
	GlobalSection(SolutionConfigurationPlatforms) = preSolution
		Debug|Any CPU = Debug|Any CPU
		Release|Any CPU = Release|Any CPU
	EndGlobalSection
	GlobalSection(ProjectConfigurationPlatforms) = postSolution
		{C8122988-0766-495E-916F-C45064D4416E}.Debug|Any CPU.ActiveCfg = Debug|Any CPU
		{C8122988-0766-495E-916F-C45064D4416E}.Debug|Any CPU.Build.0 = Debug|Any CPU
		{C8122988-0766-495E-916F-C45064D4416E}.Release|Any CPU.ActiveCfg = Release|Any CPU
		{C8122988-0766-495E-916F-C45064D4416E}.Release|Any CPU.Build.0 = Release|Any CPU
	EndGlobalSection
	GlobalSection(SolutionProperties) = preSolution
		HideSolutionNode = FALSE
	EndGlobalSection
	GlobalSection(ExtensibilityGlobals) = postSolution
		SolutionGuid = {927A8469-EA47-42A3-8906-68C1852AD905}
	EndGlobalSection
EndGlobal
