
Microsoft Visual Studio Solution File, Format Version 12.00
# Visual Studio Version 17
VisualStudioVersion = 17.0.32014.148
MinimumVisualStudioVersion = 10.0.40219.1
Project("{FAE04EC0-301F-11D3-BF4B-00C04F79EFBC}") = "Tuples 2", "Tuples 2.csproj", "{0A9D5F0C-5A53-477D-B62B-4142C2EAC85C}"
EndProject
Global
	GlobalSection(SolutionConfigurationPlatforms) = preSolution
		Debug|Any CPU = Debug|Any CPU
		Release|Any CPU = Release|Any CPU
	EndGlobalSection
	GlobalSection(ProjectConfigurationPlatforms) = postSolution
		{0A9D5F0C-5A53-477D-B62B-4142C2EAC85C}.Debug|Any CPU.ActiveCfg = Debug|Any CPU
		{0A9D5F0C-5A53-477D-B62B-4142C2EAC85C}.Debug|Any CPU.Build.0 = Debug|Any CPU
		{0A9D5F0C-5A53-477D-B62B-4142C2EAC85C}.Release|Any CPU.ActiveCfg = Release|Any CPU
		{0A9D5F0C-5A53-477D-B62B-4142C2EAC85C}.Release|Any CPU.Build.0 = Release|Any CPU
	EndGlobalSection
	GlobalSection(SolutionProperties) = preSolution
		HideSolutionNode = FALSE
	EndGlobalSection
	GlobalSection(ExtensibilityGlobals) = postSolution
		SolutionGuid = {9AB27AC0-CB5D-47A0-A3C1-6936C9E820C6}
	EndGlobalSection
EndGlobal
