
Microsoft Visual Studio Solution File, Format Version 12.00
# Visual Studio Version 17
VisualStudioVersion = 17.0.32014.148
MinimumVisualStudioVersion = 10.0.40219.1
Project("{FAE04EC0-301F-11D3-BF4B-00C04F79EFBC}") = "MyWebApp", "MyWebApp.csproj", "{8B509FA9-B467-4729-8D93-56EFDB7ABBD7}"
EndProject
Global
	GlobalSection(SolutionConfigurationPlatforms) = preSolution
		Debug|Any CPU = Debug|Any CPU
		Release|Any CPU = Release|Any CPU
	EndGlobalSection
	GlobalSection(ProjectConfigurationPlatforms) = postSolution
		{8B509FA9-B467-4729-8D93-56EFDB7ABBD7}.Debug|Any CPU.ActiveCfg = Debug|Any CPU
		{8B509FA9-B467-4729-8D93-56EFDB7ABBD7}.Debug|Any CPU.Build.0 = Debug|Any CPU
		{8B509FA9-B467-4729-8D93-56EFDB7ABBD7}.Release|Any CPU.ActiveCfg = Release|Any CPU
		{8B509FA9-B467-4729-8D93-56EFDB7ABBD7}.Release|Any CPU.Build.0 = Release|Any CPU
	EndGlobalSection
	GlobalSection(SolutionProperties) = preSolution
		HideSolutionNode = FALSE
	EndGlobalSection
	GlobalSection(ExtensibilityGlobals) = postSolution
		SolutionGuid = {54027ED1-790B-40DD-8FD0-5FC2260C7B5B}
	EndGlobalSection
EndGlobal
